
Microsoft Visual Studio Solution File, Format Version 12.00
# Visual Studio Version 17
VisualStudioVersion = 17.14.36221.1 d17.14
MinimumVisualStudioVersion = 10.0.40219.1
Project("{8BC9CEB8-8B4A-11D0-8D11-00A0C91BC942}") = "hello-calculator-32", "hello-calculator-32.vcxproj", "{FF7B4E7A-1825-4971-85B8-C06FA5CFDA1C}"
EndProject
Global
	GlobalSection(SolutionConfigurationPlatforms) = preSolution
		Debug|x64 = Debug|x64
		Debug|x86 = Debug|x86
		Release|x64 = Release|x64
		Release|x86 = Release|x86
	EndGlobalSection
	GlobalSection(ProjectConfigurationPlatforms) = postSolution
		{FF7B4E7A-1825-4971-85B8-C06FA5CFDA1C}.Debug|x64.ActiveCfg = Debug|x64
		{FF7B4E7A-1825-4971-85B8-C06FA5CFDA1C}.Debug|x64.Build.0 = Debug|x64
		{FF7B4E7A-1825-4971-85B8-C06FA5CFDA1C}.Debug|x86.ActiveCfg = Debug|Win32
		{FF7B4E7A-1825-4971-85B8-C06FA5CFDA1C}.Debug|x86.Build.0 = Debug|Win32
		{FF7B4E7A-1825-4971-85B8-C06FA5CFDA1C}.Release|x64.ActiveCfg = Release|x64
		{FF7B4E7A-1825-4971-85B8-C06FA5CFDA1C}.Release|x64.Build.0 = Release|x64
		{FF7B4E7A-1825-4971-85B8-C06FA5CFDA1C}.Release|x86.ActiveCfg = Release|Win32
		{FF7B4E7A-1825-4971-85B8-C06FA5CFDA1C}.Release|x86.Build.0 = Release|Win32
	EndGlobalSection
	GlobalSection(SolutionProperties) = preSolution
		HideSolutionNode = FALSE
	EndGlobalSection
	GlobalSection(ExtensibilityGlobals) = postSolution
		SolutionGuid = {94957796-6D76-4D74-8D34-BE92EA5EBE0A}
	EndGlobalSection
EndGlobal
